// !$*UTF8*$!
{
	archiveVersion = 1;
	classes = {
	};
	objectVersion = 55;
	objects = {

/* Begin PBXBuildFile section */
		F338E72E284E5444008EAAA9 /* DetailTableViewCell.swift in Sources */ = {isa = PBXBuildFile; fileRef = F338E72D284E5444008EAAA9 /* DetailTableViewCell.swift */; };
		F338E730284E555D008EAAA9 /* DetailsViewController.swift in Sources */ = {isa = PBXBuildFile; fileRef = F338E72F284E555D008EAAA9 /* DetailsViewController.swift */; };
		F36486E32849FD5D00610CF0 /* AppDelegate.swift in Sources */ = {isa = PBXBuildFile; fileRef = F36486E22849FD5D00610CF0 /* AppDelegate.swift */; };
		F36486E52849FD5D00610CF0 /* SceneDelegate.swift in Sources */ = {isa = PBXBuildFile; fileRef = F36486E42849FD5D00610CF0 /* SceneDelegate.swift */; };
		F36486EC2849FD6100610CF0 /* Assets.xcassets in Resources */ = {isa = PBXBuildFile; fileRef = F36486EB2849FD6100610CF0 /* Assets.xcassets */; };
		F36486EF2849FD6100610CF0 /* LaunchScreen.storyboard in Resources */ = {isa = PBXBuildFile; fileRef = F36486ED2849FD6100610CF0 /* LaunchScreen.storyboard */; };
		F36486F72849FE0700610CF0 /* Travel.swift in Sources */ = {isa = PBXBuildFile; fileRef = F36486F62849FE0700610CF0 /* Travel.swift */; };
		F36486FB2849FF1E00610CF0 /* FlyTableViewCell.swift in Sources */ = {isa = PBXBuildFile; fileRef = F36486FA2849FF1E00610CF0 /* FlyTableViewCell.swift */; };
		F36486FD284A023200610CF0 /* UIColor+extension.swift in Sources */ = {isa = PBXBuildFile; fileRef = F36486FC284A023200610CF0 /* UIColor+extension.swift */; };
		F3648706284A03CB00610CF0 /* TravelViewController.swift in Sources */ = {isa = PBXBuildFile; fileRef = F3648705284A03CB00610CF0 /* TravelViewController.swift */; };
		F364870A284A078200610CF0 /* NetworkService.swift in Sources */ = {isa = PBXBuildFile; fileRef = F3648709284A078200610CF0 /* NetworkService.swift */; };
		F364870D284A0F3E00610CF0 /* NetworkDataFetcher.swift in Sources */ = {isa = PBXBuildFile; fileRef = F364870C284A0F3E00610CF0 /* NetworkDataFetcher.swift */; };
		F364870F284A129F00610CF0 /* String+extension.swift in Sources */ = {isa = PBXBuildFile; fileRef = F364870E284A129F00610CF0 /* String+extension.swift */; };
/* End PBXBuildFile section */

/* Begin PBXFileReference section */
		F338E72D284E5444008EAAA9 /* DetailTableViewCell.swift */ = {isa = PBXFileReference; lastKnownFileType = sourcecode.swift; path = DetailTableViewCell.swift; sourceTree = "<group>"; };
		F338E72F284E555D008EAAA9 /* DetailsViewController.swift */ = {isa = PBXFileReference; lastKnownFileType = sourcecode.swift; path = DetailsViewController.swift; sourceTree = "<group>"; };
		F36486DF2849FD5D00610CF0 /* AirplaneTickets.app */ = {isa = PBXFileReference; explicitFileType = wrapper.application; includeInIndex = 0; path = AirplaneTickets.app; sourceTree = BUILT_PRODUCTS_DIR; };
		F36486E22849FD5D00610CF0 /* AppDelegate.swift */ = {isa = PBXFileReference; lastKnownFileType = sourcecode.swift; path = AppDelegate.swift; sourceTree = "<group>"; };
		F36486E42849FD5D00610CF0 /* SceneDelegate.swift */ = {isa = PBXFileReference; lastKnownFileType = sourcecode.swift; path = SceneDelegate.swift; sourceTree = "<group>"; };
		F36486EB2849FD6100610CF0 /* Assets.xcassets */ = {isa = PBXFileReference; lastKnownFileType = folder.assetcatalog; path = Assets.xcassets; sourceTree = "<group>"; };
		F36486EE2849FD6100610CF0 /* Base */ = {isa = PBXFileReference; lastKnownFileType = file.storyboard; name = Base; path = Base.lproj/LaunchScreen.storyboard; sourceTree = "<group>"; };
		F36486F02849FD6100610CF0 /* Info.plist */ = {isa = PBXFileReference; lastKnownFileType = text.plist.xml; path = Info.plist; sourceTree = "<group>"; };
		F36486F62849FE0700610CF0 /* Travel.swift */ = {isa = PBXFileReference; lastKnownFileType = sourcecode.swift; path = Travel.swift; sourceTree = "<group>"; };
		F36486FA2849FF1E00610CF0 /* FlyTableViewCell.swift */ = {isa = PBXFileReference; lastKnownFileType = sourcecode.swift; path = FlyTableViewCell.swift; sourceTree = "<group>"; };
		F36486FC284A023200610CF0 /* UIColor+extension.swift */ = {isa = PBXFileReference; lastKnownFileType = sourcecode.swift; path = "UIColor+extension.swift"; sourceTree = "<group>"; };
		F3648705284A03CB00610CF0 /* TravelViewController.swift */ = {isa = PBXFileReference; lastKnownFileType = sourcecode.swift; path = TravelViewController.swift; sourceTree = "<group>"; };
		F3648709284A078200610CF0 /* NetworkService.swift */ = {isa = PBXFileReference; lastKnownFileType = sourcecode.swift; path = NetworkService.swift; sourceTree = "<group>"; };
		F364870C284A0F3E00610CF0 /* NetworkDataFetcher.swift */ = {isa = PBXFileReference; lastKnownFileType = sourcecode.swift; path = NetworkDataFetcher.swift; sourceTree = "<group>"; };
		F364870E284A129F00610CF0 /* String+extension.swift */ = {isa = PBXFileReference; lastKnownFileType = sourcecode.swift; path = "String+extension.swift"; sourceTree = "<group>"; };
/* End PBXFileReference section */

/* Begin PBXFrameworksBuildPhase section */
		F36486DC2849FD5D00610CF0 /* Frameworks */ = {
			isa = PBXFrameworksBuildPhase;
			buildActionMask = 2147483647;
			files = (
			);
			runOnlyForDeploymentPostprocessing = 0;
		};
/* End PBXFrameworksBuildPhase section */

/* Begin PBXGroup section */
		F36486D62849FD5D00610CF0 = {
			isa = PBXGroup;
			children = (
				F36486E12849FD5D00610CF0 /* AirplaneTickets */,
				F36486E02849FD5D00610CF0 /* Products */,
			);
			sourceTree = "<group>";
		};
		F36486E02849FD5D00610CF0 /* Products */ = {
			isa = PBXGroup;
			children = (
				F36486DF2849FD5D00610CF0 /* AirplaneTickets.app */,
			);
			name = Products;
			sourceTree = "<group>";
		};
		F36486E12849FD5D00610CF0 /* AirplaneTickets */ = {
			isa = PBXGroup;
			children = (
				F36486E22849FD5D00610CF0 /* AppDelegate.swift */,
				F36486E42849FD5D00610CF0 /* SceneDelegate.swift */,
				F364870B284A0F1F00610CF0 /* Networking */,
				F36486FE284A023A00610CF0 /* Models */,
				F36486FF284A024400610CF0 /* ViewControllers */,
				F3648700284A024F00610CF0 /* Cells */,
				F3648701284A027300610CF0 /* Extensions */,
				F36486EB2849FD6100610CF0 /* Assets.xcassets */,
				F36486ED2849FD6100610CF0 /* LaunchScreen.storyboard */,
				F36486F02849FD6100610CF0 /* Info.plist */,
			);
			path = AirplaneTickets;
			sourceTree = "<group>";
		};
		F36486FE284A023A00610CF0 /* Models */ = {
			isa = PBXGroup;
			children = (
				F36486F62849FE0700610CF0 /* Travel.swift */,
			);
			path = Models;
			sourceTree = "<group>";
		};
		F36486FF284A024400610CF0 /* ViewControllers */ = {
			isa = PBXGroup;
			children = (
				F3648705284A03CB00610CF0 /* TravelViewController.swift */,
				F338E72F284E555D008EAAA9 /* DetailsViewController.swift */,
			);
			path = ViewControllers;
			sourceTree = "<group>";
		};
		F3648700284A024F00610CF0 /* Cells */ = {
			isa = PBXGroup;
			children = (
				F36486FA2849FF1E00610CF0 /* FlyTableViewCell.swift */,
				F338E72D284E5444008EAAA9 /* DetailTableViewCell.swift */,
			);
			path = Cells;
			sourceTree = "<group>";
		};
		F3648701284A027300610CF0 /* Extensions */ = {
			isa = PBXGroup;
			children = (
				F36486FC284A023200610CF0 /* UIColor+extension.swift */,
				F364870E284A129F00610CF0 /* String+extension.swift */,
			);
			path = Extensions;
			sourceTree = "<group>";
		};
		F364870B284A0F1F00610CF0 /* Networking */ = {
			isa = PBXGroup;
			children = (
				F3648709284A078200610CF0 /* NetworkService.swift */,
				F364870C284A0F3E00610CF0 /* NetworkDataFetcher.swift */,
			);
			path = Networking;
			sourceTree = "<group>";
		};
/* End PBXGroup section */

/* Begin PBXNativeTarget section */
		F36486DE2849FD5D00610CF0 /* AirplaneTickets */ = {
			isa = PBXNativeTarget;
			buildConfigurationList = F36486F32849FD6100610CF0 /* Build configuration list for PBXNativeTarget "AirplaneTickets" */;
			buildPhases = (
				F36486DB2849FD5D00610CF0 /* Sources */,
				F36486DC2849FD5D00610CF0 /* Frameworks */,
				F36486DD2849FD5D00610CF0 /* Resources */,
			);
			buildRules = (
			);
			dependencies = (
			);
			name = AirplaneTickets;
			productName = AirplaneTickets;
			productReference = F36486DF2849FD5D00610CF0 /* AirplaneTickets.app */;
			productType = "com.apple.product-type.application";
		};
/* End PBXNativeTarget section */

/* Begin PBXProject section */
		F36486D72849FD5D00610CF0 /* Project object */ = {
			isa = PBXProject;
			attributes = {
				BuildIndependentTargetsInParallel = 1;
				LastSwiftUpdateCheck = 1330;
				LastUpgradeCheck = 1330;
				TargetAttributes = {
					F36486DE2849FD5D00610CF0 = {
						CreatedOnToolsVersion = 13.3.1;
					};
				};
			};
			buildConfigurationList = F36486DA2849FD5D00610CF0 /* Build configuration list for PBXProject "AirplaneTickets" */;
			compatibilityVersion = "Xcode 13.0";
			developmentRegion = en;
			hasScannedForEncodings = 0;
			knownRegions = (
				en,
				Base,
			);
			mainGroup = F36486D62849FD5D00610CF0;
			productRefGroup = F36486E02849FD5D00610CF0 /* Products */;
			projectDirPath = "";
			projectRoot = "";
			targets = (
				F36486DE2849FD5D00610CF0 /* AirplaneTickets */,
			);
		};
/* End PBXProject section */

/* Begin PBXResourcesBuildPhase section */
		F36486DD2849FD5D00610CF0 /* Resources */ = {
			isa = PBXResourcesBuildPhase;
			buildActionMask = 2147483647;
			files = (
				F36486EF2849FD6100610CF0 /* LaunchScreen.storyboard in Resources */,
				F36486EC2849FD6100610CF0 /* Assets.xcassets in Resources */,
			);
			runOnlyForDeploymentPostprocessing = 0;
		};
/* End PBXResourcesBuildPhase section */

/* Begin PBXSourcesBuildPhase section */
		F36486DB2849FD5D00610CF0 /* Sources */ = {
			isa = PBXSourcesBuildPhase;
			buildActionMask = 2147483647;
			files = (
				F36486F72849FE0700610CF0 /* Travel.swift in Sources */,
				F3648706284A03CB00610CF0 /* TravelViewController.swift in Sources */,
				F36486E32849FD5D00610CF0 /* AppDelegate.swift in Sources */,
				F338E72E284E5444008EAAA9 /* DetailTableViewCell.swift in Sources */,
				F36486FD284A023200610CF0 /* UIColor+extension.swift in Sources */,
				F364870D284A0F3E00610CF0 /* NetworkDataFetcher.swift in Sources */,
				F364870F284A129F00610CF0 /* String+extension.swift in Sources */,
				F364870A284A078200610CF0 /* NetworkService.swift in Sources */,
				F36486FB2849FF1E00610CF0 /* FlyTableViewCell.swift in Sources */,
				F338E730284E555D008EAAA9 /* DetailsViewController.swift in Sources */,
				F36486E52849FD5D00610CF0 /* SceneDelegate.swift in Sources */,
			);
			runOnlyForDeploymentPostprocessing = 0;
		};
/* End PBXSourcesBuildPhase section */

/* Begin PBXVariantGroup section */
		F36486ED2849FD6100610CF0 /* LaunchScreen.storyboard */ = {
			isa = PBXVariantGroup;
			children = (
				F36486EE2849FD6100610CF0 /* Base */,
			);
			name = LaunchScreen.storyboard;
			sourceTree = "<group>";
		};
/* End PBXVariantGroup section */

/* Begin XCBuildConfiguration section */
		F36486F12849FD6100610CF0 /* Debug */ = {
			isa = XCBuildConfiguration;
			buildSettings = {
				ALWAYS_SEARCH_USER_PATHS = NO;
				CLANG_ANALYZER_NONNULL = YES;
				CLANG_ANALYZER_NUMBER_OBJECT_CONVERSION = YES_AGGRESSIVE;
				CLANG_CXX_LANGUAGE_STANDARD = "gnu++17";
				CLANG_ENABLE_MODULES = YES;
				CLANG_ENABLE_OBJC_ARC = YES;
				CLANG_ENABLE_OBJC_WEAK = YES;
				CLANG_WARN_BLOCK_CAPTURE_AUTORELEASING = YES;
				CLANG_WARN_BOOL_CONVERSION = YES;
				CLANG_WARN_COMMA = YES;
				CLANG_WARN_CONSTANT_CONVERSION = YES;
				CLANG_WARN_DEPRECATED_OBJC_IMPLEMENTATIONS = YES;
				CLANG_WARN_DIRECT_OBJC_ISA_USAGE = YES_ERROR;
				CLANG_WARN_DOCUMENTATION_COMMENTS = YES;
				CLANG_WARN_EMPTY_BODY = YES;
				CLANG_WARN_ENUM_CONVERSION = YES;
				CLANG_WARN_INFINITE_RECURSION = YES;
				CLANG_WARN_INT_CONVERSION = YES;
				CLANG_WARN_NON_LITERAL_NULL_CONVERSION = YES;
				CLANG_WARN_OBJC_IMPLICIT_RETAIN_SELF = YES;
				CLANG_WARN_OBJC_LITERAL_CONVERSION = YES;
				CLANG_WARN_OBJC_ROOT_CLASS = YES_ERROR;
				CLANG_WARN_QUOTED_INCLUDE_IN_FRAMEWORK_HEADER = YES;
				CLANG_WARN_RANGE_LOOP_ANALYSIS = YES;
				CLANG_WARN_STRICT_PROTOTYPES = YES;
				CLANG_WARN_SUSPICIOUS_MOVE = YES;
				CLANG_WARN_UNGUARDED_AVAILABILITY = YES_AGGRESSIVE;
				CLANG_WARN_UNREACHABLE_CODE = YES;
				CLANG_WARN__DUPLICATE_METHOD_MATCH = YES;
				COPY_PHASE_STRIP = NO;
				DEBUG_INFORMATION_FORMAT = dwarf;
				ENABLE_STRICT_OBJC_MSGSEND = YES;
				ENABLE_TESTABILITY = YES;
				GCC_C_LANGUAGE_STANDARD = gnu11;
				GCC_DYNAMIC_NO_PIC = NO;
				GCC_NO_COMMON_BLOCKS = YES;
				GCC_OPTIMIZATION_LEVEL = 0;
				GCC_PREPROCESSOR_DEFINITIONS = (
					"DEBUG=1",
					"$(inherited)",
				);
				GCC_WARN_64_TO_32_BIT_CONVERSION = YES;
				GCC_WARN_ABOUT_RETURN_TYPE = YES_ERROR;
				GCC_WARN_UNDECLARED_SELECTOR = YES;
				GCC_WARN_UNINITIALIZED_AUTOS = YES_AGGRESSIVE;
				GCC_WARN_UNUSED_FUNCTION = YES;
				GCC_WARN_UNUSED_VARIABLE = YES;
				IPHONEOS_DEPLOYMENT_TARGET = 15.4;
				MTL_ENABLE_DEBUG_INFO = INCLUDE_SOURCE;
				MTL_FAST_MATH = YES;
				ONLY_ACTIVE_ARCH = YES;
				SDKROOT = iphoneos;
				SWIFT_ACTIVE_COMPILATION_CONDITIONS = DEBUG;
				SWIFT_OPTIMIZATION_LEVEL = "-Onone";
			};
			name = Debug;
		};
		F36486F22849FD6100610CF0 /* Release */ = {
			isa = XCBuildConfiguration;
			buildSettings = {
				ALWAYS_SEARCH_USER_PATHS = NO;
				CLANG_ANALYZER_NONNULL = YES;
				CLANG_ANALYZER_NUMBER_OBJECT_CONVERSION = YES_AGGRESSIVE;
				CLANG_CXX_LANGUAGE_STANDARD = "gnu++17";
				CLANG_ENABLE_MODULES = YES;
				CLANG_ENABLE_OBJC_ARC = YES;
				CLANG_ENABLE_OBJC_WEAK = YES;
				CLANG_WARN_BLOCK_CAPTURE_AUTORELEASING = YES;
				CLANG_WARN_BOOL_CONVERSION = YES;
				CLANG_WARN_COMMA = YES;
				CLANG_WARN_CONSTANT_CONVERSION = YES;
				CLANG_WARN_DEPRECATED_OBJC_IMPLEMENTATIONS = YES;
				CLANG_WARN_DIRECT_OBJC_ISA_USAGE = YES_ERROR;
				CLANG_WARN_DOCUMENTATION_COMMENTS = YES;
				CLANG_WARN_EMPTY_BODY = YES;
				CLANG_WARN_ENUM_CONVERSION = YES;
				CLANG_WARN_INFINITE_RECURSION = YES;
				CLANG_WARN_INT_CONVERSION = YES;
				CLANG_WARN_NON_LITERAL_NULL_CONVERSION = YES;
				CLANG_WARN_OBJC_IMPLICIT_RETAIN_SELF = YES;
				CLANG_WARN_OBJC_LITERAL_CONVERSION = YES;
				CLANG_WARN_OBJC_ROOT_CLASS = YES_ERROR;
				CLANG_WARN_QUOTED_INCLUDE_IN_FRAMEWORK_HEADER = YES;
				CLANG_WARN_RANGE_LOOP_ANALYSIS = YES;
				CLANG_WARN_STRICT_PROTOTYPES = YES;
				CLANG_WARN_SUSPICIOUS_MOVE = YES;
				CLANG_WARN_UNGUARDED_AVAILABILITY = YES_AGGRESSIVE;
				CLANG_WARN_UNREACHABLE_CODE = YES;
				CLANG_WARN__DUPLICATE_METHOD_MATCH = YES;
				COPY_PHASE_STRIP = NO;
				DEBUG_INFORMATION_FORMAT = "dwarf-with-dsym";
				ENABLE_NS_ASSERTIONS = NO;
				ENABLE_STRICT_OBJC_MSGSEND = YES;
				GCC_C_LANGUAGE_STANDARD = gnu11;
				GCC_NO_COMMON_BLOCKS = YES;
				GCC_WARN_64_TO_32_BIT_CONVERSION = YES;
				GCC_WARN_ABOUT_RETURN_TYPE = YES_ERROR;
				GCC_WARN_UNDECLARED_SELECTOR = YES;
				GCC_WARN_UNINITIALIZED_AUTOS = YES_AGGRESSIVE;
				GCC_WARN_UNUSED_FUNCTION = YES;
				GCC_WARN_UNUSED_VARIABLE = YES;
				IPHONEOS_DEPLOYMENT_TARGET = 15.4;
				MTL_ENABLE_DEBUG_INFO = NO;
				MTL_FAST_MATH = YES;
				SDKROOT = iphoneos;
				SWIFT_COMPILATION_MODE = wholemodule;
				SWIFT_OPTIMIZATION_LEVEL = "-O";
				VALIDATE_PRODUCT = YES;
			};
			name = Release;
		};
		F36486F42849FD6100610CF0 /* Debug */ = {
			isa = XCBuildConfiguration;
			buildSettings = {
				ASSETCATALOG_COMPILER_APPICON_NAME = AppIcon;
				ASSETCATALOG_COMPILER_GLOBAL_ACCENT_COLOR_NAME = AccentColor;
				CODE_SIGN_STYLE = Automatic;
				CURRENT_PROJECT_VERSION = 1;
				DEVELOPMENT_TEAM = 93Q524JYZD;
				GENERATE_INFOPLIST_FILE = YES;
				INFOPLIST_FILE = AirplaneTickets/Info.plist;
				INFOPLIST_KEY_UIApplicationSupportsIndirectInputEvents = YES;
				INFOPLIST_KEY_UILaunchStoryboardName = LaunchScreen;
				INFOPLIST_KEY_UISupportedInterfaceOrientations = UIInterfaceOrientationPortrait;
				INFOPLIST_KEY_UISupportedInterfaceOrientations_iPad = "UIInterfaceOrientationPortrait UIInterfaceOrientationPortraitUpsideDown UIInterfaceOrientationLandscapeLeft UIInterfaceOrientationLandscapeRight";
				INFOPLIST_KEY_UISupportedInterfaceOrientations_iPhone = "UIInterfaceOrientationPortrait UIInterfaceOrientationLandscapeLeft UIInterfaceOrientationLandscapeRight";
				LD_RUNPATH_SEARCH_PATHS = (
					"$(inherited)",
					"@executable_path/Frameworks",
				);
				MARKETING_VERSION = 1.0;
				PRODUCT_BUNDLE_IDENTIFIER = nervuse.AirplaneTickets;
				PRODUCT_NAME = "$(TARGET_NAME)";
				SWIFT_EMIT_LOC_STRINGS = YES;
				SWIFT_VERSION = 5.0;
				TARGETED_DEVICE_FAMILY = "1,2";
			};
			name = Debug;
		};
		F36486F52849FD6100610CF0 /* Release */ = {
			isa = XCBuildConfiguration;
			buildSettings = {
				ASSETCATALOG_COMPILER_APPICON_NAME = AppIcon;
				ASSETCATALOG_COMPILER_GLOBAL_ACCENT_COLOR_NAME = AccentColor;
				CODE_SIGN_STYLE = Automatic;
				CURRENT_PROJECT_VERSION = 1;
				DEVELOPMENT_TEAM = 93Q524JYZD;
				GENERATE_INFOPLIST_FILE = YES;
				INFOPLIST_FILE = AirplaneTickets/Info.plist;
				INFOPLIST_KEY_UIApplicationSupportsIndirectInputEvents = YES;
				INFOPLIST_KEY_UILaunchStoryboardName = LaunchScreen;
				INFOPLIST_KEY_UISupportedInterfaceOrientations = UIInterfaceOrientationPortrait;
				INFOPLIST_KEY_UISupportedInterfaceOrientations_iPad = "UIInterfaceOrientationPortrait UIInterfaceOrientationPortraitUpsideDown UIInterfaceOrientationLandscapeLeft UIInterfaceOrientationLandscapeRight";
				INFOPLIST_KEY_UISupportedInterfaceOrientations_iPhone = "UIInterfaceOrientationPortrait UIInterfaceOrientationLandscapeLeft UIInterfaceOrientationLandscapeRight";
				LD_RUNPATH_SEARCH_PATHS = (
					"$(inherited)",
					"@executable_path/Frameworks",
				);
				MARKETING_VERSION = 1.0;
				PRODUCT_BUNDLE_IDENTIFIER = nervuse.AirplaneTickets;
				PRODUCT_NAME = "$(TARGET_NAME)";
				SWIFT_EMIT_LOC_STRINGS = YES;
				SWIFT_VERSION = 5.0;
				TARGETED_DEVICE_FAMILY = "1,2";
			};
			name = Release;
		};
/* End XCBuildConfiguration section */

/* Begin XCConfigurationList section */
		F36486DA2849FD5D00610CF0 /* Build configuration list for PBXProject "AirplaneTickets" */ = {
			isa = XCConfigurationList;
			buildConfigurations = (
				F36486F12849FD6100610CF0 /* Debug */,
				F36486F22849FD6100610CF0 /* Release */,
			);
			defaultConfigurationIsVisible = 0;
			defaultConfigurationName = Release;
		};
		F36486F32849FD6100610CF0 /* Build configuration list for PBXNativeTarget "AirplaneTickets" */ = {
			isa = XCConfigurationList;
			buildConfigurations = (
				F36486F42849FD6100610CF0 /* Debug */,
				F36486F52849FD6100610CF0 /* Release */,
			);
			defaultConfigurationIsVisible = 0;
			defaultConfigurationName = Release;
		};
/* End XCConfigurationList section */
	};
	rootObject = F36486D72849FD5D00610CF0 /* Project object */;
}
